
Microsoft Visual Studio Solution File, Format Version 12.00
# Visual Studio Version 17
VisualStudioVersion = 17.4.33103.184
MinimumVisualStudioVersion = 10.0.40219.1
Project("{9A19103F-16F7-4668-BE54-9A1E7A4F7556}") = "UrlShortener.WebAPI", "UrlShortener.WebAPI\UrlShortener.WebAPI.csproj", "{01361436-1048-44F9-8A0D-0EED187745FA}"
EndProject
Project("{2150E333-8FDC-42A3-9474-1A3956D46DE8}") = "tests", "tests", "{2804EA69-0DA6-482F-A774-D71CB0ADD58D}"
EndProject
Project("{9A19103F-16F7-4668-BE54-9A1E7A4F7556}") = "UrlShortener.UnitTests", "UrlShortener.UnitTests\UrlShortener.UnitTests.csproj", "{88CDB9F2-4136-406D-A4D4-5D9F1396A92D}"
EndProject
Project("{2150E333-8FDC-42A3-9474-1A3956D46DE8}") = "src", "src", "{7B4C92A8-9461-4EB9-ACCF-C2B824FD8246}"
EndProject
Project("{54A90642-561A-4BB1-A94E-469ADEE60C69}") = "UrlShortener.WebUI", "UrlShortener.WebUI\UrlShortener.WebUI.esproj", "{FF633B98-0655-4BD5-98EC-97CDA930A94A}"
EndProject
Global
	GlobalSection(SolutionConfigurationPlatforms) = preSolution
		Debug|Any CPU = Debug|Any CPU
		Release|Any CPU = Release|Any CPU
	EndGlobalSection
	GlobalSection(ProjectConfigurationPlatforms) = postSolution
		{01361436-1048-44F9-8A0D-0EED187745FA}.Debug|Any CPU.ActiveCfg = Debug|Any CPU
		{01361436-1048-44F9-8A0D-0EED187745FA}.Debug|Any CPU.Build.0 = Debug|Any CPU
		{01361436-1048-44F9-8A0D-0EED187745FA}.Release|Any CPU.ActiveCfg = Release|Any CPU
		{01361436-1048-44F9-8A0D-0EED187745FA}.Release|Any CPU.Build.0 = Release|Any CPU
		{88CDB9F2-4136-406D-A4D4-5D9F1396A92D}.Debug|Any CPU.ActiveCfg = Debug|Any CPU
		{88CDB9F2-4136-406D-A4D4-5D9F1396A92D}.Debug|Any CPU.Build.0 = Debug|Any CPU
		{88CDB9F2-4136-406D-A4D4-5D9F1396A92D}.Release|Any CPU.ActiveCfg = Release|Any CPU
		{88CDB9F2-4136-406D-A4D4-5D9F1396A92D}.Release|Any CPU.Build.0 = Release|Any CPU
		{FF633B98-0655-4BD5-98EC-97CDA930A94A}.Debug|Any CPU.ActiveCfg = Debug|Any CPU
		{FF633B98-0655-4BD5-98EC-97CDA930A94A}.Debug|Any CPU.Build.0 = Debug|Any CPU
		{FF633B98-0655-4BD5-98EC-97CDA930A94A}.Debug|Any CPU.Deploy.0 = Debug|Any CPU
		{FF633B98-0655-4BD5-98EC-97CDA930A94A}.Release|Any CPU.ActiveCfg = Release|Any CPU
		{FF633B98-0655-4BD5-98EC-97CDA930A94A}.Release|Any CPU.Build.0 = Release|Any CPU
		{FF633B98-0655-4BD5-98EC-97CDA930A94A}.Release|Any CPU.Deploy.0 = Release|Any CPU
	EndGlobalSection
	GlobalSection(SolutionProperties) = preSolution
		HideSolutionNode = FALSE
	EndGlobalSection
	GlobalSection(NestedProjects) = preSolution
		{01361436-1048-44F9-8A0D-0EED187745FA} = {7B4C92A8-9461-4EB9-ACCF-C2B824FD8246}
		{88CDB9F2-4136-406D-A4D4-5D9F1396A92D} = {2804EA69-0DA6-482F-A774-D71CB0ADD58D}
		{FF633B98-0655-4BD5-98EC-97CDA930A94A} = {7B4C92A8-9461-4EB9-ACCF-C2B824FD8246}
	EndGlobalSection
	GlobalSection(ExtensibilityGlobals) = postSolution
		SolutionGuid = {0AE330A0-E1F2-441E-A179-5A00F414FF09}
	EndGlobalSection
EndGlobal
